// !$*UTF8*$!
{
	archiveVersion = 1;
	classes = {
	};
	objectVersion = 46;
	objects = {

/* Begin PBXAggregateTarget section */
		D4F8AEB41A35939900A60F52 /* ExeJZKit */ = {
			isa = PBXAggregateTarget;
			buildConfigurationList = D4F8AEB51A35939900A60F52 /* Build configuration list for PBXAggregateTarget "ExeJZKit" */;
			buildPhases = (
				D4F8AEB81A3593AA00A60F52 /* ShellScript */,
			);
			dependencies = (
			);
			name = ExeJZKit;
			productName = ExeJZKit;
		};
/* End PBXAggregateTarget section */

/* Begin PBXBuildFile section */
		D4F8AE201A35933C00A60F52 /* JZKit.h in Headers */ = {isa = PBXBuildFile; fileRef = D4F8AE1F1A35933C00A60F52 /* JZKit.h */; settings = {ATTRIBUTES = (Public, ); }; };
		D4F8AE261A35933C00A60F52 /* JZKit.framework in Frameworks */ = {isa = PBXBuildFile; fileRef = D4F8AE1A1A35933C00A60F52 /* JZKit.framework */; };
		D4F8AE2D1A35933C00A60F52 /* JZKitTests.m in Sources */ = {isa = PBXBuildFile; fileRef = D4F8AE2C1A35933C00A60F52 /* JZKitTests.m */; };
		D4F8AEC81A35A26500A60F52 /* NSMutableAttributedString+Attributes.h in Headers */ = {isa = PBXBuildFile; fileRef = D4F8AEBA1A35A26500A60F52 /* NSMutableAttributedString+Attributes.h */; };
		D4F8AEC91A35A26500A60F52 /* NSMutableAttributedString+Attributes.m in Sources */ = {isa = PBXBuildFile; fileRef = D4F8AEBB1A35A26500A60F52 /* NSMutableAttributedString+Attributes.m */; };
		D4F8AECA1A35A26500A60F52 /* NSString+MD5.h in Headers */ = {isa = PBXBuildFile; fileRef = D4F8AEBC1A35A26500A60F52 /* NSString+MD5.h */; };
		D4F8AECB1A35A26500A60F52 /* NSString+MD5.m in Sources */ = {isa = PBXBuildFile; fileRef = D4F8AEBD1A35A26500A60F52 /* NSString+MD5.m */; };
		D4F8AECC1A35A26500A60F52 /* NSString+SizeWithFont.h in Headers */ = {isa = PBXBuildFile; fileRef = D4F8AEBE1A35A26500A60F52 /* NSString+SizeWithFont.h */; };
		D4F8AECD1A35A26500A60F52 /* NSString+SizeWithFont.m in Sources */ = {isa = PBXBuildFile; fileRef = D4F8AEBF1A35A26500A60F52 /* NSString+SizeWithFont.m */; };
		D4F8AECE1A35A26500A60F52 /* UIActionSheet+Blocks.h in Headers */ = {isa = PBXBuildFile; fileRef = D4F8AEC01A35A26500A60F52 /* UIActionSheet+Blocks.h */; };
		D4F8AECF1A35A26500A60F52 /* UIActionSheet+Blocks.m in Sources */ = {isa = PBXBuildFile; fileRef = D4F8AEC11A35A26500A60F52 /* UIActionSheet+Blocks.m */; };
		D4F8AED01A35A26500A60F52 /* UIAlertView+Blocks.h in Headers */ = {isa = PBXBuildFile; fileRef = D4F8AEC21A35A26500A60F52 /* UIAlertView+Blocks.h */; };
		D4F8AED11A35A26500A60F52 /* UIAlertView+Blocks.m in Sources */ = {isa = PBXBuildFile; fileRef = D4F8AEC31A35A26500A60F52 /* UIAlertView+Blocks.m */; };
		D4F8AED21A35A26500A60F52 /* UIDevice+IdentifierAddition.h in Headers */ = {isa = PBXBuildFile; fileRef = D4F8AEC41A35A26500A60F52 /* UIDevice+IdentifierAddition.h */; };
		D4F8AED31A35A26500A60F52 /* UIDevice+IdentifierAddition.m in Sources */ = {isa = PBXBuildFile; fileRef = D4F8AEC51A35A26500A60F52 /* UIDevice+IdentifierAddition.m */; };
		D4F8AED41A35A26500A60F52 /* UIView+Helpers.h in Headers */ = {isa = PBXBuildFile; fileRef = D4F8AEC61A35A26500A60F52 /* UIView+Helpers.h */; };
		D4F8AED51A35A26500A60F52 /* UIView+Helpers.m in Sources */ = {isa = PBXBuildFile; fileRef = D4F8AEC71A35A26500A60F52 /* UIView+Helpers.m */; };
		D4F8AED91A35A28100A60F52 /* SingletonMacro.h in Headers */ = {isa = PBXBuildFile; fileRef = D4F8AED71A35A28100A60F52 /* SingletonMacro.h */; };
		D4F8AEDA1A35A28100A60F52 /* UtilityMacro.h in Headers */ = {isa = PBXBuildFile; fileRef = D4F8AED81A35A28100A60F52 /* UtilityMacro.h */; };
/* End PBXBuildFile section */

/* Begin PBXContainerItemProxy section */
		D4F8AE271A35933C00A60F52 /* PBXContainerItemProxy */ = {
			isa = PBXContainerItemProxy;
			containerPortal = D4F8AE111A35933C00A60F52 /* Project object */;
			proxyType = 1;
			remoteGlobalIDString = D4F8AE191A35933C00A60F52;
			remoteInfo = JZKit;
		};
/* End PBXContainerItemProxy section */

/* Begin PBXFileReference section */
		D4F8AE1A1A35933C00A60F52 /* JZKit.framework */ = {isa = PBXFileReference; explicitFileType = wrapper.framework; includeInIndex = 0; path = JZKit.framework; sourceTree = BUILT_PRODUCTS_DIR; };
		D4F8AE1E1A35933C00A60F52 /* Info.plist */ = {isa = PBXFileReference; lastKnownFileType = text.plist.xml; path = Info.plist; sourceTree = "<group>"; };
		D4F8AE1F1A35933C00A60F52 /* JZKit.h */ = {isa = PBXFileReference; lastKnownFileType = sourcecode.c.h; path = JZKit.h; sourceTree = "<group>"; };
		D4F8AE251A35933C00A60F52 /* JZKitTests.xctest */ = {isa = PBXFileReference; explicitFileType = wrapper.cfbundle; includeInIndex = 0; path = JZKitTests.xctest; sourceTree = BUILT_PRODUCTS_DIR; };
		D4F8AE2B1A35933C00A60F52 /* Info.plist */ = {isa = PBXFileReference; lastKnownFileType = text.plist.xml; path = Info.plist; sourceTree = "<group>"; };
		D4F8AE2C1A35933C00A60F52 /* JZKitTests.m */ = {isa = PBXFileReference; lastKnownFileType = sourcecode.c.objc; path = JZKitTests.m; sourceTree = "<group>"; };
		D4F8AEBA1A35A26500A60F52 /* NSMutableAttributedString+Attributes.h */ = {isa = PBXFileReference; fileEncoding = 4; lastKnownFileType = sourcecode.c.h; name = "NSMutableAttributedString+Attributes.h"; path = "Classes/NSMutableAttributedString+Attributes.h"; sourceTree = "<group>"; };
		D4F8AEBB1A35A26500A60F52 /* NSMutableAttributedString+Attributes.m */ = {isa = PBXFileReference; fileEncoding = 4; lastKnownFileType = sourcecode.c.objc; name = "NSMutableAttributedString+Attributes.m"; path = "Classes/NSMutableAttributedString+Attributes.m"; sourceTree = "<group>"; };
		D4F8AEBC1A35A26500A60F52 /* NSString+MD5.h */ = {isa = PBXFileReference; fileEncoding = 4; lastKnownFileType = sourcecode.c.h; name = "NSString+MD5.h"; path = "Classes/NSString+MD5.h"; sourceTree = "<group>"; };
		D4F8AEBD1A35A26500A60F52 /* NSString+MD5.m */ = {isa = PBXFileReference; fileEncoding = 4; lastKnownFileType = sourcecode.c.objc; name = "NSString+MD5.m"; path = "Classes/NSString+MD5.m"; sourceTree = "<group>"; };
		D4F8AEBE1A35A26500A60F52 /* NSString+SizeWithFont.h */ = {isa = PBXFileReference; fileEncoding = 4; lastKnownFileType = sourcecode.c.h; name = "NSString+SizeWithFont.h"; path = "Classes/NSString+SizeWithFont.h"; sourceTree = "<group>"; };
		D4F8AEBF1A35A26500A60F52 /* NSString+SizeWithFont.m */ = {isa = PBXFileReference; fileEncoding = 4; lastKnownFileType = sourcecode.c.objc; name = "NSString+SizeWithFont.m"; path = "Classes/NSString+SizeWithFont.m"; sourceTree = "<group>"; };
		D4F8AEC01A35A26500A60F52 /* UIActionSheet+Blocks.h */ = {isa = PBXFileReference; fileEncoding = 4; lastKnownFileType = sourcecode.c.h; name = "UIActionSheet+Blocks.h"; path = "Classes/UIActionSheet+Blocks.h"; sourceTree = "<group>"; };
		D4F8AEC11A35A26500A60F52 /* UIActionSheet+Blocks.m */ = {isa = PBXFileReference; fileEncoding = 4; lastKnownFileType = sourcecode.c.objc; name = "UIActionSheet+Blocks.m"; path = "Classes/UIActionSheet+Blocks.m"; sourceTree = "<group>"; };
		D4F8AEC21A35A26500A60F52 /* UIAlertView+Blocks.h */ = {isa = PBXFileReference; fileEncoding = 4; lastKnownFileType = sourcecode.c.h; name = "UIAlertView+Blocks.h"; path = "Classes/UIAlertView+Blocks.h"; sourceTree = "<group>"; };
		D4F8AEC31A35A26500A60F52 /* UIAlertView+Blocks.m */ = {isa = PBXFileReference; fileEncoding = 4; lastKnownFileType = sourcecode.c.objc; name = "UIAlertView+Blocks.m"; path = "Classes/UIAlertView+Blocks.m"; sourceTree = "<group>"; };
		D4F8AEC41A35A26500A60F52 /* UIDevice+IdentifierAddition.h */ = {isa = PBXFileReference; fileEncoding = 4; lastKnownFileType = sourcecode.c.h; name = "UIDevice+IdentifierAddition.h"; path = "Classes/UIDevice+IdentifierAddition.h"; sourceTree = "<group>"; };
		D4F8AEC51A35A26500A60F52 /* UIDevice+IdentifierAddition.m */ = {isa = PBXFileReference; fileEncoding = 4; lastKnownFileType = sourcecode.c.objc; name = "UIDevice+IdentifierAddition.m"; path = "Classes/UIDevice+IdentifierAddition.m"; sourceTree = "<group>"; };
		D4F8AEC61A35A26500A60F52 /* UIView+Helpers.h */ = {isa = PBXFileReference; fileEncoding = 4; lastKnownFileType = sourcecode.c.h; name = "UIView+Helpers.h"; path = "Classes/UIView+Helpers.h"; sourceTree = "<group>"; };
		D4F8AEC71A35A26500A60F52 /* UIView+Helpers.m */ = {isa = PBXFileReference; fileEncoding = 4; lastKnownFileType = sourcecode.c.objc; name = "UIView+Helpers.m"; path = "Classes/UIView+Helpers.m"; sourceTree = "<group>"; };
		D4F8AED71A35A28100A60F52 /* SingletonMacro.h */ = {isa = PBXFileReference; fileEncoding = 4; lastKnownFileType = sourcecode.c.h; name = SingletonMacro.h; path = Classes/SingletonMacro.h; sourceTree = "<group>"; };
		D4F8AED81A35A28100A60F52 /* UtilityMacro.h */ = {isa = PBXFileReference; fileEncoding = 4; lastKnownFileType = sourcecode.c.h; name = UtilityMacro.h; path = Classes/UtilityMacro.h; sourceTree = "<group>"; };
/* End PBXFileReference section */

/* Begin PBXFrameworksBuildPhase section */
		D4F8AE161A35933C00A60F52 /* Frameworks */ = {
			isa = PBXFrameworksBuildPhase;
			buildActionMask = 2147483647;
			files = (
			);
			runOnlyForDeploymentPostprocessing = 0;
		};
		D4F8AE221A35933C00A60F52 /* Frameworks */ = {
			isa = PBXFrameworksBuildPhase;
			buildActionMask = 2147483647;
			files = (
				D4F8AE261A35933C00A60F52 /* JZKit.framework in Frameworks */,
			);
			runOnlyForDeploymentPostprocessing = 0;
		};
/* End PBXFrameworksBuildPhase section */

/* Begin PBXGroup section */
		D4F8AE101A35933C00A60F52 = {
			isa = PBXGroup;
			children = (
				D4F8AE1C1A35933C00A60F52 /* JZKit */,
				D4F8AE291A35933C00A60F52 /* JZKitTests */,
				D4F8AE1B1A35933C00A60F52 /* Products */,
			);
			sourceTree = "<group>";
		};
		D4F8AE1B1A35933C00A60F52 /* Products */ = {
			isa = PBXGroup;
			children = (
				D4F8AE1A1A35933C00A60F52 /* JZKit.framework */,
				D4F8AE251A35933C00A60F52 /* JZKitTests.xctest */,
			);
			name = Products;
			sourceTree = "<group>";
		};
		D4F8AE1C1A35933C00A60F52 /* JZKit */ = {
			isa = PBXGroup;
			children = (
				D4F8AE1F1A35933C00A60F52 /* JZKit.h */,
				D4F8AED61A35A26F00A60F52 /* Macro */,
				D4F8AEB91A35A25200A60F52 /* Extend */,
				D4F8AE1D1A35933C00A60F52 /* Supporting Files */,
			);
			path = JZKit;
			sourceTree = "<group>";
		};
		D4F8AE1D1A35933C00A60F52 /* Supporting Files */ = {
			isa = PBXGroup;
			children = (
				D4F8AE1E1A35933C00A60F52 /* Info.plist */,
			);
			name = "Supporting Files";
			sourceTree = "<group>";
		};
		D4F8AE291A35933C00A60F52 /* JZKitTests */ = {
			isa = PBXGroup;
			children = (
				D4F8AE2C1A35933C00A60F52 /* JZKitTests.m */,
				D4F8AE2A1A35933C00A60F52 /* Supporting Files */,
			);
			path = JZKitTests;
			sourceTree = "<group>";
		};
		D4F8AE2A1A35933C00A60F52 /* Supporting Files */ = {
			isa = PBXGroup;
			children = (
				D4F8AE2B1A35933C00A60F52 /* Info.plist */,
			);
			name = "Supporting Files";
			sourceTree = "<group>";
		};
		D4F8AEB91A35A25200A60F52 /* Extend */ = {
			isa = PBXGroup;
			children = (
				D4F8AEBA1A35A26500A60F52 /* NSMutableAttributedString+Attributes.h */,
				D4F8AEBB1A35A26500A60F52 /* NSMutableAttributedString+Attributes.m */,
				D4F8AEBC1A35A26500A60F52 /* NSString+MD5.h */,
				D4F8AEBD1A35A26500A60F52 /* NSString+MD5.m */,
				D4F8AEBE1A35A26500A60F52 /* NSString+SizeWithFont.h */,
				D4F8AEBF1A35A26500A60F52 /* NSString+SizeWithFont.m */,
				D4F8AEC01A35A26500A60F52 /* UIActionSheet+Blocks.h */,
				D4F8AEC11A35A26500A60F52 /* UIActionSheet+Blocks.m */,
				D4F8AEC21A35A26500A60F52 /* UIAlertView+Blocks.h */,
				D4F8AEC31A35A26500A60F52 /* UIAlertView+Blocks.m */,
				D4F8AEC41A35A26500A60F52 /* UIDevice+IdentifierAddition.h */,
				D4F8AEC51A35A26500A60F52 /* UIDevice+IdentifierAddition.m */,
				D4F8AEC61A35A26500A60F52 /* UIView+Helpers.h */,
				D4F8AEC71A35A26500A60F52 /* UIView+Helpers.m */,
			);
			name = Extend;
			sourceTree = "<group>";
		};
		D4F8AED61A35A26F00A60F52 /* Macro */ = {
			isa = PBXGroup;
			children = (
				D4F8AED71A35A28100A60F52 /* SingletonMacro.h */,
				D4F8AED81A35A28100A60F52 /* UtilityMacro.h */,
			);
			name = Macro;
			sourceTree = "<group>";
		};
/* End PBXGroup section */

/* Begin PBXHeadersBuildPhase section */
		D4F8AE171A35933C00A60F52 /* Headers */ = {
			isa = PBXHeadersBuildPhase;
			buildActionMask = 2147483647;
			files = (
				D4F8AECE1A35A26500A60F52 /* UIActionSheet+Blocks.h in Headers */,
				D4F8AE201A35933C00A60F52 /* JZKit.h in Headers */,
				D4F8AED41A35A26500A60F52 /* UIView+Helpers.h in Headers */,
				D4F8AEC81A35A26500A60F52 /* NSMutableAttributedString+Attributes.h in Headers */,
				D4F8AECA1A35A26500A60F52 /* NSString+MD5.h in Headers */,
				D4F8AED91A35A28100A60F52 /* SingletonMacro.h in Headers */,
				D4F8AECC1A35A26500A60F52 /* NSString+SizeWithFont.h in Headers */,
				D4F8AEDA1A35A28100A60F52 /* UtilityMacro.h in Headers */,
				D4F8AED01A35A26500A60F52 /* UIAlertView+Blocks.h in Headers */,
				D4F8AED21A35A26500A60F52 /* UIDevice+IdentifierAddition.h in Headers */,
			);
			runOnlyForDeploymentPostprocessing = 0;
		};
/* End PBXHeadersBuildPhase section */

/* Begin PBXNativeTarget section */
		D4F8AE191A35933C00A60F52 /* JZKit */ = {
			isa = PBXNativeTarget;
			buildConfigurationList = D4F8AE301A35933C00A60F52 /* Build configuration list for PBXNativeTarget "JZKit" */;
			buildPhases = (
				D4F8AE151A35933C00A60F52 /* Sources */,
				D4F8AE161A35933C00A60F52 /* Frameworks */,
				D4F8AE171A35933C00A60F52 /* Headers */,
				D4F8AE181A35933C00A60F52 /* Resources */,
			);
			buildRules = (
			);
			dependencies = (
			);
			name = JZKit;
			productName = JZKit;
			productReference = D4F8AE1A1A35933C00A60F52 /* JZKit.framework */;
			productType = "com.apple.product-type.framework";
		};
		D4F8AE241A35933C00A60F52 /* JZKitTests */ = {
			isa = PBXNativeTarget;
			buildConfigurationList = D4F8AE331A35933C00A60F52 /* Build configuration list for PBXNativeTarget "JZKitTests" */;
			buildPhases = (
				D4F8AE211A35933C00A60F52 /* Sources */,
				D4F8AE221A35933C00A60F52 /* Frameworks */,
				D4F8AE231A35933C00A60F52 /* Resources */,
			);
			buildRules = (
			);
			dependencies = (
				D4F8AE281A35933C00A60F52 /* PBXTargetDependency */,
			);
			name = JZKitTests;
			productName = JZKitTests;
			productReference = D4F8AE251A35933C00A60F52 /* JZKitTests.xctest */;
			productType = "com.apple.product-type.bundle.unit-test";
		};
/* End PBXNativeTarget section */

/* Begin PBXProject section */
		D4F8AE111A35933C00A60F52 /* Project object */ = {
			isa = PBXProject;
			attributes = {
				LastUpgradeCheck = 0610;
				ORGANIZATIONNAME = Fangdd;
				TargetAttributes = {
					D4F8AE191A35933C00A60F52 = {
						CreatedOnToolsVersion = 6.1.1;
					};
					D4F8AE241A35933C00A60F52 = {
						CreatedOnToolsVersion = 6.1.1;
					};
					D4F8AEB41A35939900A60F52 = {
						CreatedOnToolsVersion = 6.1.1;
					};
				};
			};
			buildConfigurationList = D4F8AE141A35933C00A60F52 /* Build configuration list for PBXProject "JZKit" */;
			compatibilityVersion = "Xcode 3.2";
			developmentRegion = English;
			hasScannedForEncodings = 0;
			knownRegions = (
				en,
			);
			mainGroup = D4F8AE101A35933C00A60F52;
			productRefGroup = D4F8AE1B1A35933C00A60F52 /* Products */;
			projectDirPath = "";
			projectRoot = "";
			targets = (
				D4F8AE191A35933C00A60F52 /* JZKit */,
				D4F8AE241A35933C00A60F52 /* JZKitTests */,
				D4F8AEB41A35939900A60F52 /* ExeJZKit */,
			);
		};
/* End PBXProject section */

/* Begin PBXResourcesBuildPhase section */
		D4F8AE181A35933C00A60F52 /* Resources */ = {
			isa = PBXResourcesBuildPhase;
			buildActionMask = 2147483647;
			files = (
			);
			runOnlyForDeploymentPostprocessing = 0;
		};
		D4F8AE231A35933C00A60F52 /* Resources */ = {
			isa = PBXResourcesBuildPhase;
			buildActionMask = 2147483647;
			files = (
			);
			runOnlyForDeploymentPostprocessing = 0;
		};
/* End PBXResourcesBuildPhase section */

/* Begin PBXShellScriptBuildPhase section */
		D4F8AEB81A3593AA00A60F52 /* ShellScript */ = {
			isa = PBXShellScriptBuildPhase;
			buildActionMask = 2147483647;
			files = (
			);
			inputPaths = (
			);
			outputPaths = (
			);
			runOnlyForDeploymentPostprocessing = 0;
			shellPath = /bin/sh;
			shellScript = "# Sets the target folders and the final framework product.\n# 如果工程名称和Framework的Target名称不一样的话，要自定义FMKNAME\n# 例如: FMK_NAME = \"MyFramework\"\nFMK_NAME=${PROJECT_NAME}\n\n# Install dir will be the final output to the framework.\n# The following line create it in the root folder of the current project.\nINSTALL_DIR=${SRCROOT}/Products/${FMK_NAME}.framework\n\n# Working dir will be deleted after the framework creation.\nWRK_DIR=build\nDEVICE_DIR=${WRK_DIR}/Release-iphoneos/${FMK_NAME}.framework\nSIMULATOR_DIR=${WRK_DIR}/Release-iphonesimulator/${FMK_NAME}.framework\n\n# -configuration ${CONFIGURATION}\n# Clean and Building both architectures.\nxcodebuild -configuration \"Release\" -target \"${FMK_NAME}\" -sdk iphoneos clean build\nxcodebuild -configuration \"Release\" -target \"${FMK_NAME}\" -sdk iphonesimulator clean build\n\n# Cleaning the oldest.\nif [ -d \"${INSTALL_DIR}\" ]\nthen\nrm -rf \"${INSTALL_DIR}\"\nfi\n\nmkdir -p \"${INSTALL_DIR}\"\n\ncp -R \"${DEVICE_DIR}/\" \"${INSTALL_DIR}/\"\n\n# Uses the Lipo Tool to merge both binary files (i386 + armv6/armv7) into one Universal final product.\nlipo -create \"${DEVICE_DIR}/${FMK_NAME}\" \"${SIMULATOR_DIR}/${FMK_NAME}\" -output \"${INSTALL_DIR}/${FMK_NAME}\"\n\nrm -r \"${WRK_DIR}\"\n\nopen \"${INSTALL_DIR}\"";
		};
/* End PBXShellScriptBuildPhase section */

/* Begin PBXSourcesBuildPhase section */
		D4F8AE151A35933C00A60F52 /* Sources */ = {
			isa = PBXSourcesBuildPhase;
			buildActionMask = 2147483647;
			files = (
				D4F8AEC91A35A26500A60F52 /* NSMutableAttributedString+Attributes.m in Sources */,
				D4F8AED11A35A26500A60F52 /* UIAlertView+Blocks.m in Sources */,
				D4F8AED31A35A26500A60F52 /* UIDevice+IdentifierAddition.m in Sources */,
				D4F8AECB1A35A26500A60F52 /* NSString+MD5.m in Sources */,
				D4F8AECF1A35A26500A60F52 /* UIActionSheet+Blocks.m in Sources */,
				D4F8AED51A35A26500A60F52 /* UIView+Helpers.m in Sources */,
				D4F8AECD1A35A26500A60F52 /* NSString+SizeWithFont.m in Sources */,
			);
			runOnlyForDeploymentPostprocessing = 0;
		};
		D4F8AE211A35933C00A60F52 /* Sources */ = {
			isa = PBXSourcesBuildPhase;
			buildActionMask = 2147483647;
			files = (
				D4F8AE2D1A35933C00A60F52 /* JZKitTests.m in Sources */,
			);
			runOnlyForDeploymentPostprocessing = 0;
		};
/* End PBXSourcesBuildPhase section */

/* Begin PBXTargetDependency section */
		D4F8AE281A35933C00A60F52 /* PBXTargetDependency */ = {
			isa = PBXTargetDependency;
			target = D4F8AE191A35933C00A60F52 /* JZKit */;
			targetProxy = D4F8AE271A35933C00A60F52 /* PBXContainerItemProxy */;
		};
/* End PBXTargetDependency section */

/* Begin XCBuildConfiguration section */
		D4F8AE2E1A35933C00A60F52 /* Debug */ = {
			isa = XCBuildConfiguration;
			buildSettings = {
				ALWAYS_SEARCH_USER_PATHS = NO;
				CLANG_CXX_LANGUAGE_STANDARD = "gnu++0x";
				CLANG_CXX_LIBRARY = "libc++";
				CLANG_ENABLE_MODULES = YES;
				CLANG_ENABLE_OBJC_ARC = YES;
				CLANG_WARN_BOOL_CONVERSION = YES;
				CLANG_WARN_CONSTANT_CONVERSION = YES;
				CLANG_WARN_DIRECT_OBJC_ISA_USAGE = YES_ERROR;
				CLANG_WARN_EMPTY_BODY = YES;
				CLANG_WARN_ENUM_CONVERSION = YES;
				CLANG_WARN_INT_CONVERSION = YES;
				CLANG_WARN_OBJC_ROOT_CLASS = YES_ERROR;
				CLANG_WARN_UNREACHABLE_CODE = YES;
				CLANG_WARN__DUPLICATE_METHOD_MATCH = YES;
				"CODE_SIGN_IDENTITY[sdk=iphoneos*]" = "iPhone Developer";
				COPY_PHASE_STRIP = NO;
				CURRENT_PROJECT_VERSION = 1;
				ENABLE_STRICT_OBJC_MSGSEND = YES;
				GCC_C_LANGUAGE_STANDARD = gnu99;
				GCC_DYNAMIC_NO_PIC = NO;
				GCC_OPTIMIZATION_LEVEL = 0;
				GCC_PREPROCESSOR_DEFINITIONS = (
					"DEBUG=1",
					"$(inherited)",
				);
				GCC_SYMBOLS_PRIVATE_EXTERN = NO;
				GCC_WARN_64_TO_32_BIT_CONVERSION = YES;
				GCC_WARN_ABOUT_RETURN_TYPE = YES_ERROR;
				GCC_WARN_UNDECLARED_SELECTOR = YES;
				GCC_WARN_UNINITIALIZED_AUTOS = YES_AGGRESSIVE;
				GCC_WARN_UNUSED_FUNCTION = YES;
				GCC_WARN_UNUSED_VARIABLE = YES;
				IPHONEOS_DEPLOYMENT_TARGET = 8.1;
				MTL_ENABLE_DEBUG_INFO = YES;
				ONLY_ACTIVE_ARCH = YES;
				SDKROOT = iphoneos;
				TARGETED_DEVICE_FAMILY = "1,2";
				VERSIONING_SYSTEM = "apple-generic";
				VERSION_INFO_PREFIX = "";
			};
			name = Debug;
		};
		D4F8AE2F1A35933C00A60F52 /* Release */ = {
			isa = XCBuildConfiguration;
			buildSettings = {
				ALWAYS_SEARCH_USER_PATHS = NO;
				CLANG_CXX_LANGUAGE_STANDARD = "gnu++0x";
				CLANG_CXX_LIBRARY = "libc++";
				CLANG_ENABLE_MODULES = YES;
				CLANG_ENABLE_OBJC_ARC = YES;
				CLANG_WARN_BOOL_CONVERSION = YES;
				CLANG_WARN_CONSTANT_CONVERSION = YES;
				CLANG_WARN_DIRECT_OBJC_ISA_USAGE = YES_ERROR;
				CLANG_WARN_EMPTY_BODY = YES;
				CLANG_WARN_ENUM_CONVERSION = YES;
				CLANG_WARN_INT_CONVERSION = YES;
				CLANG_WARN_OBJC_ROOT_CLASS = YES_ERROR;
				CLANG_WARN_UNREACHABLE_CODE = YES;
				CLANG_WARN__DUPLICATE_METHOD_MATCH = YES;
				"CODE_SIGN_IDENTITY[sdk=iphoneos*]" = "iPhone Developer";
				COPY_PHASE_STRIP = YES;
				CURRENT_PROJECT_VERSION = 1;
				ENABLE_NS_ASSERTIONS = NO;
				ENABLE_STRICT_OBJC_MSGSEND = YES;
				GCC_C_LANGUAGE_STANDARD = gnu99;
				GCC_WARN_64_TO_32_BIT_CONVERSION = YES;
				GCC_WARN_ABOUT_RETURN_TYPE = YES_ERROR;
				GCC_WARN_UNDECLARED_SELECTOR = YES;
				GCC_WARN_UNINITIALIZED_AUTOS = YES_AGGRESSIVE;
				GCC_WARN_UNUSED_FUNCTION = YES;
				GCC_WARN_UNUSED_VARIABLE = YES;
				IPHONEOS_DEPLOYMENT_TARGET = 8.1;
				MTL_ENABLE_DEBUG_INFO = NO;
				SDKROOT = iphoneos;
				TARGETED_DEVICE_FAMILY = "1,2";
				VALIDATE_PRODUCT = YES;
				VERSIONING_SYSTEM = "apple-generic";
				VERSION_INFO_PREFIX = "";
			};
			name = Release;
		};
		D4F8AE311A35933C00A60F52 /* Debug */ = {
			isa = XCBuildConfiguration;
			buildSettings = {
				DEFINES_MODULE = YES;
				DYLIB_COMPATIBILITY_VERSION = 1;
				DYLIB_CURRENT_VERSION = 1;
				DYLIB_INSTALL_NAME_BASE = "@rpath";
				INFOPLIST_FILE = JZKit/Info.plist;
				INSTALL_PATH = "$(LOCAL_LIBRARY_DIR)/Frameworks";
				LD_RUNPATH_SEARCH_PATHS = "$(inherited) @executable_path/Frameworks @loader_path/Frameworks";
				PRODUCT_NAME = "$(TARGET_NAME)";
				SKIP_INSTALL = YES;
			};
			name = Debug;
		};
		D4F8AE321A35933C00A60F52 /* Release */ = {
			isa = XCBuildConfiguration;
			buildSettings = {
				DEFINES_MODULE = YES;
				DYLIB_COMPATIBILITY_VERSION = 1;
				DYLIB_CURRENT_VERSION = 1;
				DYLIB_INSTALL_NAME_BASE = "@rpath";
				INFOPLIST_FILE = JZKit/Info.plist;
				INSTALL_PATH = "$(LOCAL_LIBRARY_DIR)/Frameworks";
				LD_RUNPATH_SEARCH_PATHS = "$(inherited) @executable_path/Frameworks @loader_path/Frameworks";
				PRODUCT_NAME = "$(TARGET_NAME)";
				SKIP_INSTALL = YES;
			};
			name = Release;
		};
		D4F8AE341A35933C00A60F52 /* Debug */ = {
			isa = XCBuildConfiguration;
			buildSettings = {
				FRAMEWORK_SEARCH_PATHS = (
					"$(SDKROOT)/Developer/Library/Frameworks",
					"$(inherited)",
				);
				GCC_PREPROCESSOR_DEFINITIONS = (
					"DEBUG=1",
					"$(inherited)",
				);
				INFOPLIST_FILE = JZKitTests/Info.plist;
				LD_RUNPATH_SEARCH_PATHS = "$(inherited) @executable_path/Frameworks @loader_path/Frameworks";
				PRODUCT_NAME = "$(TARGET_NAME)";
			};
			name = Debug;
		};
		D4F8AE351A35933C00A60F52 /* Release */ = {
			isa = XCBuildConfiguration;
			buildSettings = {
				FRAMEWORK_SEARCH_PATHS = (
					"$(SDKROOT)/Developer/Library/Frameworks",
					"$(inherited)",
				);
				INFOPLIST_FILE = JZKitTests/Info.plist;
				LD_RUNPATH_SEARCH_PATHS = "$(inherited) @executable_path/Frameworks @loader_path/Frameworks";
				PRODUCT_NAME = "$(TARGET_NAME)";
			};
			name = Release;
		};
		D4F8AEB61A35939900A60F52 /* Debug */ = {
			isa = XCBuildConfiguration;
			buildSettings = {
				PRODUCT_NAME = "$(TARGET_NAME)";
			};
			name = Debug;
		};
		D4F8AEB71A35939900A60F52 /* Release */ = {
			isa = XCBuildConfiguration;
			buildSettings = {
				PRODUCT_NAME = "$(TARGET_NAME)";
			};
			name = Release;
		};
/* End XCBuildConfiguration section */

/* Begin XCConfigurationList section */
		D4F8AE141A35933C00A60F52 /* Build configuration list for PBXProject "JZKit" */ = {
			isa = XCConfigurationList;
			buildConfigurations = (
				D4F8AE2E1A35933C00A60F52 /* Debug */,
				D4F8AE2F1A35933C00A60F52 /* Release */,
			);
			defaultConfigurationIsVisible = 0;
			defaultConfigurationName = Release;
		};
		D4F8AE301A35933C00A60F52 /* Build configuration list for PBXNativeTarget "JZKit" */ = {
			isa = XCConfigurationList;
			buildConfigurations = (
				D4F8AE311A35933C00A60F52 /* Debug */,
				D4F8AE321A35933C00A60F52 /* Release */,
			);
			defaultConfigurationIsVisible = 0;
			defaultConfigurationName = Release;
		};
		D4F8AE331A35933C00A60F52 /* Build configuration list for PBXNativeTarget "JZKitTests" */ = {
			isa = XCConfigurationList;
			buildConfigurations = (
				D4F8AE341A35933C00A60F52 /* Debug */,
				D4F8AE351A35933C00A60F52 /* Release */,
			);
			defaultConfigurationIsVisible = 0;
			defaultConfigurationName = Release;
		};
		D4F8AEB51A35939900A60F52 /* Build configuration list for PBXAggregateTarget "ExeJZKit" */ = {
			isa = XCConfigurationList;
			buildConfigurations = (
				D4F8AEB61A35939900A60F52 /* Debug */,
				D4F8AEB71A35939900A60F52 /* Release */,
			);
			defaultConfigurationIsVisible = 0;
			defaultConfigurationName = Release;
		};
/* End XCConfigurationList section */
	};
	rootObject = D4F8AE111A35933C00A60F52 /* Project object */;
}
